# This file was autogenerated by Stack.
# You should not edit this file by hand.
# For more information, please see the documentation at:
#   https://docs.haskellstack.org/en/stable/topics/lock_files

packages:
- completed:
    hackage: openai-2.2.1@sha256:e6d6cbc56b35d243bcb437d6228ffbe858c36549fd844a377eccf4988c23ceeb,6689
    pantry-tree:
      sha256: 01b679a750eef41c022c845c1a5510f45cb2297d96371ff45cf8618d2e1ecae2
      size: 3720
  original:
    hackage: openai-2.2.1
snapshots:
- completed:
    sha256: 91dfbdf885fb0110f0e63cdba42e13ff375dc7efc2f69f02d238b31ca3c1064f
    size: 728778
    url: https://raw.githubusercontent.com/commercialhaskell/stackage-snapshots/master/lts/24/39.yaml
  original:
    url: https://raw.githubusercontent.com/commercialhaskell/stackage-snapshots/master/lts/24/39.yaml
