# This file was autogenerated by Stack.
# You should not edit this file by hand.
# For more information, please see the documentation at:
#   https://docs.haskellstack.org/en/stable/topics/lock_files

packages:
- completed:
    hackage: openai-2.5.3@sha256:f49e80130be0575add87c1d9b47daf81d3733fa7d11c01255eb5c4c91809304c,6912
    pantry-tree:
      sha256: 106a5e534a1ad9fd34b96c32ba529517e7418d85d3a9e99b89b097973fd77d69
      size: 3867
  original:
    hackage: openai-2.5.3
snapshots:
- completed:
    sha256: 91dfbdf885fb0110f0e63cdba42e13ff375dc7efc2f69f02d238b31ca3c1064f
    size: 728778
    url: https://raw.githubusercontent.com/commercialhaskell/stackage-snapshots/master/lts/24/39.yaml
  original:
    url: https://raw.githubusercontent.com/commercialhaskell/stackage-snapshots/master/lts/24/39.yaml
